
Microsoft Visual Studio Solution File, Format Version 12.00
# Visual Studio Version 16
VisualStudioVersion = 16.0.31313.381
MinimumVisualStudioVersion = 10.0.40219.1
Project("{9A19103F-16F7-4668-BE54-9A1E7A4F7556}") = "G4HE", "G4HE.csproj", "{7179D757-B22A-458C-BA8A-F56720F99742}"
EndProject
Project("{9A19103F-16F7-4668-BE54-9A1E7A4F7556}") = "G4privateEconomyClassLibrary", "..\G4privateEconomyClassLibrary\G4privateEconomyClassLibrary\G4privateEconomyClassLibrary.csproj", "{8AB6ED80-9ADA-4205-8B88-264CFD5032C0}"
EndProject
Global
	GlobalSection(SolutionConfigurationPlatforms) = preSolution
		Debug|Any CPU = Debug|Any CPU
		Release|Any CPU = Release|Any CPU
	EndGlobalSection
	GlobalSection(ProjectConfigurationPlatforms) = postSolution
		{7179D757-B22A-458C-BA8A-F56720F99742}.Debug|Any CPU.ActiveCfg = Debug|Any CPU
		{7179D757-B22A-458C-BA8A-F56720F99742}.Debug|Any CPU.Build.0 = Debug|Any CPU
		{7179D757-B22A-458C-BA8A-F56720F99742}.Release|Any CPU.ActiveCfg = Release|Any CPU
		{7179D757-B22A-458C-BA8A-F56720F99742}.Release|Any CPU.Build.0 = Release|Any CPU
		{8AB6ED80-9ADA-4205-8B88-264CFD5032C0}.Debug|Any CPU.ActiveCfg = Debug|Any CPU
		{8AB6ED80-9ADA-4205-8B88-264CFD5032C0}.Debug|Any CPU.Build.0 = Debug|Any CPU
		{8AB6ED80-9ADA-4205-8B88-264CFD5032C0}.Release|Any CPU.ActiveCfg = Release|Any CPU
		{8AB6ED80-9ADA-4205-8B88-264CFD5032C0}.Release|Any CPU.Build.0 = Release|Any CPU
	EndGlobalSection
	GlobalSection(SolutionProperties) = preSolution
		HideSolutionNode = FALSE
	EndGlobalSection
	GlobalSection(ExtensibilityGlobals) = postSolution
		SolutionGuid = {9B89A769-4C92-4E9C-ACAC-977BBFB1EF99}
	EndGlobalSection
EndGlobal
